
Microsoft Visual Studio Solution File, Format Version 12.00
# Visual Studio Version 16
VisualStudioVersion = 16.0.28803.156
MinimumVisualStudioVersion = 10.0.40219.1
Project("{9A19103F-16F7-4668-BE54-9A1E7A4F7556}") = "ArcInstaller", "ArcInstaller\ArcInstaller.csproj", "{63C8E4C0-80DF-4AA6-8A19-046301B92587}"
EndProject
Project("{9A19103F-16F7-4668-BE54-9A1E7A4F7556}") = "ArcCross", "ArcCross\ArcCross\ArcCross.csproj", "{9446D5D8-3C29-41DB-9779-E1FAB1BB63B1}"
EndProject
Project("{FAE04EC0-301F-11D3-BF4B-00C04F79EFBC}") = "CrossInstaller", "CrossInstaller\CrossInstaller.csproj", "{3FF38844-2622-4E94-975B-476B6BB6D0E8}"
EndProject
Global
	GlobalSection(SolutionConfigurationPlatforms) = preSolution
		Debug|Any CPU = Debug|Any CPU
		Release|Any CPU = Release|Any CPU
	EndGlobalSection
	GlobalSection(ProjectConfigurationPlatforms) = postSolution
		{63C8E4C0-80DF-4AA6-8A19-046301B92587}.Debug|Any CPU.ActiveCfg = Debug|Any CPU
		{63C8E4C0-80DF-4AA6-8A19-046301B92587}.Debug|Any CPU.Build.0 = Debug|Any CPU
		{63C8E4C0-80DF-4AA6-8A19-046301B92587}.Release|Any CPU.ActiveCfg = Release|Any CPU
		{63C8E4C0-80DF-4AA6-8A19-046301B92587}.Release|Any CPU.Build.0 = Release|Any CPU
		{9446D5D8-3C29-41DB-9779-E1FAB1BB63B1}.Debug|Any CPU.ActiveCfg = Debug|Any CPU
		{9446D5D8-3C29-41DB-9779-E1FAB1BB63B1}.Debug|Any CPU.Build.0 = Debug|Any CPU
		{9446D5D8-3C29-41DB-9779-E1FAB1BB63B1}.Release|Any CPU.ActiveCfg = Release|Any CPU
		{9446D5D8-3C29-41DB-9779-E1FAB1BB63B1}.Release|Any CPU.Build.0 = Release|Any CPU
		{3FF38844-2622-4E94-975B-476B6BB6D0E8}.Debug|Any CPU.ActiveCfg = Debug|Any CPU
		{3FF38844-2622-4E94-975B-476B6BB6D0E8}.Debug|Any CPU.Build.0 = Debug|Any CPU
		{3FF38844-2622-4E94-975B-476B6BB6D0E8}.Release|Any CPU.ActiveCfg = Release|Any CPU
		{3FF38844-2622-4E94-975B-476B6BB6D0E8}.Release|Any CPU.Build.0 = Release|Any CPU
	EndGlobalSection
	GlobalSection(SolutionProperties) = preSolution
		HideSolutionNode = FALSE
	EndGlobalSection
	GlobalSection(ExtensibilityGlobals) = postSolution
		SolutionGuid = {F594C901-C67C-4946-BE4E-328F5B4D20A1}
	EndGlobalSection
EndGlobal
